
Microsoft Visual Studio Solution File, Format Version 12.00
# Visual Studio Version 16
VisualStudioVersion = 16.0.30503.244
MinimumVisualStudioVersion = 10.0.40219.1
Project("{FAE04EC0-301F-11D3-BF4B-00C04F79EFBC}") = "Hotel_RoyalSV", "Hotel_RoyalSV\Hotel_RoyalSV.csproj", "{DE6B6031-181C-4AD6-91C5-D1A3F85845CE}"
EndProject
Project("{FAE04EC0-301F-11D3-BF4B-00C04F79EFBC}") = "Capa_Datos", "Capa_Datos\Capa_Datos.csproj", "{9DDCE07C-560C-4672-BD1C-DEB312F4CD05}"
EndProject
Project("{FAE04EC0-301F-11D3-BF4B-00C04F79EFBC}") = "Capa_Negocio", "Capa_Negocio\Capa_Negocio.csproj", "{528BFCAB-FE2F-4545-B439-1159FF8AA32E}"
EndProject
Global
	GlobalSection(SolutionConfigurationPlatforms) = preSolution
		Debug|Any CPU = Debug|Any CPU
		Release|Any CPU = Release|Any CPU
	EndGlobalSection
	GlobalSection(ProjectConfigurationPlatforms) = postSolution
		{DE6B6031-181C-4AD6-91C5-D1A3F85845CE}.Debug|Any CPU.ActiveCfg = Debug|Any CPU
		{DE6B6031-181C-4AD6-91C5-D1A3F85845CE}.Debug|Any CPU.Build.0 = Debug|Any CPU
		{DE6B6031-181C-4AD6-91C5-D1A3F85845CE}.Release|Any CPU.ActiveCfg = Release|Any CPU
		{DE6B6031-181C-4AD6-91C5-D1A3F85845CE}.Release|Any CPU.Build.0 = Release|Any CPU
		{9DDCE07C-560C-4672-BD1C-DEB312F4CD05}.Debug|Any CPU.ActiveCfg = Debug|Any CPU
		{9DDCE07C-560C-4672-BD1C-DEB312F4CD05}.Debug|Any CPU.Build.0 = Debug|Any CPU
		{9DDCE07C-560C-4672-BD1C-DEB312F4CD05}.Release|Any CPU.ActiveCfg = Release|Any CPU
		{9DDCE07C-560C-4672-BD1C-DEB312F4CD05}.Release|Any CPU.Build.0 = Release|Any CPU
		{528BFCAB-FE2F-4545-B439-1159FF8AA32E}.Debug|Any CPU.ActiveCfg = Debug|Any CPU
		{528BFCAB-FE2F-4545-B439-1159FF8AA32E}.Debug|Any CPU.Build.0 = Debug|Any CPU
		{528BFCAB-FE2F-4545-B439-1159FF8AA32E}.Release|Any CPU.ActiveCfg = Release|Any CPU
		{528BFCAB-FE2F-4545-B439-1159FF8AA32E}.Release|Any CPU.Build.0 = Release|Any CPU
	EndGlobalSection
	GlobalSection(SolutionProperties) = preSolution
		HideSolutionNode = FALSE
	EndGlobalSection
	GlobalSection(ExtensibilityGlobals) = postSolution
		SolutionGuid = {92497219-892B-41DD-8A15-D4372508E3EF}
	EndGlobalSection
EndGlobal
